{
  "version": "5",
  "specifiers": {
    "jsr:@cliffy/command@^1.1.0": "1.1.0",
    "jsr:@cliffy/flags@1.1.0": "1.1.0",
    "jsr:@cliffy/internal@1.1.0": "1.1.0",
    "jsr:@cliffy/table@1.1.0": "1.1.0",
    "jsr:@oak/commons@1": "1.0.1",
    "jsr:@oak/oak@^17.2.0": "17.2.0",
    "jsr:@std/assert@1": "1.0.19",
    "jsr:@std/bytes@1": "1.0.6",
    "jsr:@std/crypto@1": "1.0.5",
    "jsr:@std/encoding@1": "1.0.10",
    "jsr:@std/encoding@^1.0.10": "1.0.10",
    "jsr:@std/fmt@^1.0.9": "1.0.9",
    "jsr:@std/http@1": "1.0.25",
    "jsr:@std/internal@^1.0.12": "1.0.12",
    "jsr:@std/media-types@1": "1.1.0",
    "jsr:@std/path@1": "1.1.4",
    "jsr:@std/path@^1.1.4": "1.1.4",
    "jsr:@std/semver@^1.0.8": "1.0.8",
    "jsr:@std/text@^1.0.17": "1.0.18",
    "npm:kubo-rpc-client@7": "7.0.0",
    "npm:path-to-regexp@^6.3.0": "6.3.0"
  },
  "jsr": {
    "@cliffy/command@1.1.0": {
      "integrity": "963019e2aa13272195b79256a7d8e0f2c60ba8c1b733e023f0aa241b4de87bf7",
      "dependencies": [
        "jsr:@cliffy/flags",
        "jsr:@cliffy/internal",
        "jsr:@cliffy/table",
        "jsr:@std/fmt",
        "jsr:@std/semver",
        "jsr:@std/text"
      ]
    },
    "@cliffy/flags@1.1.0": {
      "integrity": "da161133ea19997d42ae5833226485a8e7598cf82b86d7c1a2ea10e974ecf21c",
      "dependencies": [
        "jsr:@cliffy/internal",
        "jsr:@std/text"
      ]
    },
    "@cliffy/internal@1.1.0": {
      "integrity": "433dd7755680d0da6b0a6186694327f6fd8e80807be314cf4bb06270bab28023"
    },
    "@cliffy/table@1.1.0": {
      "integrity": "6579680c9900628ccd0e05272e89ae483391d74a4f1dfe7c55c919e8a7320bcd",
      "dependencies": [
        "jsr:@std/fmt"
      ]
    },
    "@oak/commons@1.0.1": {
      "integrity": "889ff210f0b4292591721be07244ecb1b5c118742f5273c70cf30d7cd4184d0c",
      "dependencies": [
        "jsr:@std/assert",
        "jsr:@std/bytes",
        "jsr:@std/crypto",
        "jsr:@std/encoding@1",
        "jsr:@std/http",
        "jsr:@std/media-types"
      ]
    },
    "@oak/oak@17.2.0": {
      "integrity": "938537a92fc7922a46a9984696c65fb189c9baad164416ac3e336768a9ff0cd1",
      "dependencies": [
        "jsr:@oak/commons",
        "jsr:@std/assert",
        "jsr:@std/bytes",
        "jsr:@std/http",
        "jsr:@std/media-types",
        "jsr:@std/path@1",
        "npm:path-to-regexp"
      ]
    },
    "@std/assert@1.0.19": {
      "integrity": "eaada96ee120cb980bc47e040f82814d786fe8162ecc53c91d8df60b8755991e"
    },
    "@std/bytes@1.0.6": {
      "integrity": "f6ac6adbd8ccd99314045f5703e23af0a68d7f7e58364b47d2c7f408aeb5820a"
    },
    "@std/crypto@1.0.5": {
      "integrity": "0dcfbb319fe0bba1bd3af904ceb4f948cde1b92979ec1614528380ed308a3b40"
    },
    "@std/encoding@1.0.10": {
      "integrity": "8783c6384a2d13abd5e9e87a7ae0520a30e9f56aeeaa3bdf910a3eaaf5c811a1"
    },
    "@std/fmt@1.0.9": {
      "integrity": "2487343e8899fb2be5d0e3d35013e54477ada198854e52dd05ed0422eddcabe0"
    },
    "@std/http@1.0.25": {
      "integrity": "577b4252290af1097132812b339fffdd55fb0f4aeb98ff11bdbf67998aa17193",
      "dependencies": [
        "jsr:@std/encoding@^1.0.10"
      ]
    },
    "@std/internal@1.0.12": {
      "integrity": "972a634fd5bc34b242024402972cd5143eac68d8dffaca5eaa4dba30ce17b027"
    },
    "@std/media-types@1.1.0": {
      "integrity": "c9d093f0c05c3512932b330e3cc1fe1d627b301db33a4c2c2185c02471d6eaa4"
    },
    "@std/path@1.1.4": {
      "integrity": "1d2d43f39efb1b42f0b1882a25486647cb851481862dc7313390b2bb044314b5",
      "dependencies": [
        "jsr:@std/internal"
      ]
    },
    "@std/semver@1.0.8": {
      "integrity": "dc830e8b8b6a380c895d53fbfd1258dc253704ca57bbe1629ac65fd7830179b7"
    },
    "@std/text@1.0.18": {
      "integrity": "d199e516f80599813c64fd4aee5b8f26f6f7d1e1434c88fd153aeea6fea6a9b9"
    }
  },
  "npm": {
    "@chainsafe/is-ip@2.1.0": {
      "integrity": "sha512-KIjt+6IfysQ4GCv66xihEitBjvhU/bixbbbFxdJ1sqCp4uJ0wuZiYBPhksZoy4lfaF0k9cwNzY5upEW/VWdw3w=="
    },
    "@dnsquery/dns-packet@6.1.1": {
      "integrity": "sha512-WXTuFvL3G+74SchFAtz3FgIYVOe196ycvGsMgvSH/8Goptb1qpIQtIuM4SOK9G9lhMWYpHxnXyy544ZhluFOew==",
      "dependencies": [
        "@leichtgewicht/ip-codec",
        "utf8-codec"
      ]
    },
    "@ipld/dag-cbor@10.0.1": {
      "integrity": "sha512-nF07iiZPqduSXyMxc0jGANArRHFa9hjMQpQlgLOV2O/3xI1CNb5sXhvbmigbMiz5owSGi0Oq10VtauupMojuiw==",
      "dependencies": [
        "cborg",
        "multiformats@14.0.0"
      ]
    },
    "@ipld/dag-cbor@9.2.7": {
      "integrity": "sha512-ZmfXmElRWATr+hoUTSAOr6HUcjVhOcNHDqgczc76qte2DHHFEK0ZhNzUcdTDQhF/VSIvf2ioaRTRLWwLc83sNw==",
      "dependencies": [
        "cborg",
        "multiformats@13.4.2"
      ]
    },
    "@ipld/dag-json@11.0.0": {
      "integrity": "sha512-MeBu61ZwXV1C1s/weqaDz1jyYcnzFd7sFizx1ZoWtPqIzwd8vi4ZeCZpBRSIQ9FdClQMt5FNJPz4ECukKM/SwA==",
      "dependencies": [
        "cborg",
        "multiformats@14.0.0"
      ]
    },
    "@ipld/dag-pb@4.1.7": {
      "integrity": "sha512-/i/13trFihjWfDyXlylRwhuYjtzYjvOFw0vlRjYGnZuv7d7MOgA2lV/vRuL5RfeUajM03aZfFLdq4S7cTbbTRg==",
      "dependencies": [
        "multiformats@14.0.0"
      ]
    },
    "@leichtgewicht/ip-codec@2.0.5": {
      "integrity": "sha512-Vo+PSpZG2/fmgmiNzYK9qWRh8h/CHrwD0mo1h1DzL4yzHNSfWYujGTYsWGreD000gcgmZ7K4Ys6Tx9TxtsKdDw=="
    },
    "@libp2p/crypto@5.1.18": {
      "integrity": "sha512-sCm+dFFZmH4LJIHTCzPy7+EBRhzkndFUcIU8bui6iaxK6SDSRVa11+/O6DzW8hn/U9LgDXe6jXnzWM8bM7OoCA==",
      "dependencies": [
        "@libp2p/interface",
        "@noble/curves",
        "@noble/hashes",
        "multiformats@13.4.2",
        "protons-runtime@6.0.2",
        "uint8arraylist@2.4.9",
        "uint8arrays@5.1.1"
      ]
    },
    "@libp2p/interface@3.2.2": {
      "integrity": "sha512-IU78g6uF8Ls0//4v9VE1rL5Jvy+i6I8LI/DssojFICbaDJSkL59Sn5XRfHrY5OCxTnUnUxnWK7pHz/3+UZcRNQ==",
      "dependencies": [
        "@multiformats/dns",
        "@multiformats/multiaddr",
        "main-event",
        "multiformats@13.4.2",
        "progress-events",
        "uint8arraylist@2.4.9"
      ]
    },
    "@libp2p/logger@6.2.7": {
      "integrity": "sha512-IVEz5+0kE4mRWwMzXP34AlXe2k1FLzBqKkjeASyhPVdMz0A4qH9nYmCBwonzmRzymklGjFIEDa1s7Vjhd9V4Rg==",
      "dependencies": [
        "@libp2p/interface",
        "@multiformats/multiaddr",
        "interface-datastore",
        "multiformats@13.4.2",
        "weald"
      ]
    },
    "@libp2p/peer-id@6.0.9": {
      "integrity": "sha512-MlofyOOpxzZA4tIcOVPjd1FQIa0TA0g+bn+d08vfo9znCjfe6Lh0RBFyLdlICbyogVN6wn7+29SYch78wCuuCQ==",
      "dependencies": [
        "@libp2p/crypto",
        "@libp2p/interface",
        "multiformats@13.4.2",
        "uint8arrays@5.1.1"
      ]
    },
    "@multiformats/dns@1.0.13": {
      "integrity": "sha512-yr4bxtA3MbvJ+2461kYIYMsiiZj/FIqKI64hE4SdvWJUdWF9EtZLar38juf20Sf5tguXKFUruluswAO6JsjS2w==",
      "dependencies": [
        "@dnsquery/dns-packet",
        "@libp2p/interface",
        "hashlru",
        "p-queue",
        "progress-events",
        "uint8arrays@5.1.1"
      ]
    },
    "@multiformats/multiaddr-to-uri@12.0.0": {
      "integrity": "sha512-3uIEBCiy8tfzxYYBl81x1tISiNBQ7mHU4pGjippbJRoQYHzy/ZdZM/7JvTldr8pc/dzpkaNJxnsuxxlhsPOJsA==",
      "dependencies": [
        "@multiformats/multiaddr"
      ]
    },
    "@multiformats/multiaddr@13.0.3": {
      "integrity": "sha512-mEqqJ4r3a/uuFMTpRkU316wGNIDQNhuVWpm+ebKTQeYsfv9jXbPONWM6VVnj3KGUrwfsX7GZOyp4TFqEA2SPCw==",
      "dependencies": [
        "@chainsafe/is-ip",
        "multiformats@14.0.0",
        "uint8-varint@3.0.0",
        "uint8arrays@6.1.1"
      ]
    },
    "@noble/curves@2.2.0": {
      "integrity": "sha512-T/BoHgFXirb0ENSPBquzX0rcjXeM6Lo892a2jlYJkqk83LqZx0l1Of7DzlKJ6jkpvMrkHSnAcgb5JegL8SeIkQ==",
      "dependencies": [
        "@noble/hashes"
      ]
    },
    "@noble/hashes@2.2.0": {
      "integrity": "sha512-IYqDGiTXab6FniAgnSdZwgWbomxpy9FtYvLKs7wCUs2a8RkITG+DFGO1DM9cr+E3/RgADRpFjrKVaJ1z6sjtEg=="
    },
    "@nodelib/fs.scandir@2.1.5": {
      "integrity": "sha512-vq24Bq3ym5HEQm2NKCr3yXDwjc7vTsEThRDnkp2DK9p1uqLR+DHurm/NOTo0KG7HYHU7eppKZj3MyqYuMBf62g==",
      "dependencies": [
        "@nodelib/fs.stat",
        "run-parallel"
      ]
    },
    "@nodelib/fs.stat@2.0.5": {
      "integrity": "sha512-RkhPPp2zrqDAQA/2jNhnztcPAlv64XdhIp7a7454A5ovI7Bukxgt7MX7udwAu3zg1DcpPU0rz3VV1SeaqvY4+A=="
    },
    "@nodelib/fs.walk@1.2.8": {
      "integrity": "sha512-oGB+UxlgWcgQkgwo8GcEGwemoTFt3FIO9ababBmaGwXIoBKZ+GTy0pP185beGg7Llih/NSHSV2XAs1lnznocSg==",
      "dependencies": [
        "@nodelib/fs.scandir",
        "fastq"
      ]
    },
    "any-signal@4.2.0": {
      "integrity": "sha512-LndMvYuAPf4rC195lk7oSFuHOYFpOszIYrNYv0gHAvz+aEhE9qPZLhmrIz5pXP2BSsPOXvsuHDXEGaiQhIh9wA=="
    },
    "base64-js@1.5.1": {
      "integrity": "sha512-AKpaYlHn8t4SVbOHCy+b5+KKgvR4vrsD8vbvrbiQJps7fKDTkjkDry6ji0rUJjC0kzbNePLwzxq8iypo41qeWA=="
    },
    "blob-to-it@3.0.0": {
      "integrity": "sha512-KhVc/vccFEeqZIf7xFLkMnaNGL+7umpvqSqyL2XfOobfHQ3RQB9aLau/F6WhoE5S3TbtYYtrX3+HkISpkY+jXw==",
      "dependencies": [
        "browser-readablestream-to-it"
      ]
    },
    "braces@3.0.3": {
      "integrity": "sha512-yQbXgO/OSZVD2IsiLlro+7Hf6Q18EJrKSEsdoMzKePKXct3gvD8oLcOQdIzGupr5Fj+EDe8gO/lxc1BzfMpxvA==",
      "dependencies": [
        "fill-range"
      ]
    },
    "browser-readablestream-to-it@2.0.12": {
      "integrity": "sha512-VDAcuM39JVtxZ7auqE2p0zHYk1fq+pac0cWLOQJ48MIChTZ1RjCR2PYCdL3kIisst7oGZCxYrJhfHlbNYIa0Tg=="
    },
    "buffer@6.0.3": {
      "integrity": "sha512-FTiCpNxtwiZZHEZbcbTIcZjERVICn9yq/pDFkTl95/AxzD1naBctN7YO68riM/gLSDY7sdrMby8hofADYuuqOA==",
      "dependencies": [
        "base64-js",
        "ieee754"
      ]
    },
    "cborg@5.1.1": {
      "integrity": "sha512-BDbSRIp6XrQXkTc7g+DN0RB9RrDPTUfals2ecWUlt3juPLjbAvy/V72mJcXY0Ehu0Dq/3WpNCOCT68HUTbW+lw==",
      "bin": true
    },
    "dag-jose@5.1.1": {
      "integrity": "sha512-9alfZ8Wh1XOOMel8bMpDqWsDT72ojFQCJPtwZSev9qh4f8GoCV9qrJW8jcOUhcstO8Kfm09FHGo//jqiZq3z9w==",
      "dependencies": [
        "@ipld/dag-cbor@9.2.7",
        "multiformats@13.1.3"
      ]
    },
    "electron-fetch@1.9.1": {
      "integrity": "sha512-M9qw6oUILGVrcENMSRRefE1MbHPIz0h79EKIeJWK9v563aT9Qkh8aEHPO1H5vi970wPirNY+jO9OpFoLiMsMGA==",
      "dependencies": [
        "encoding"
      ]
    },
    "encoding@0.1.13": {
      "integrity": "sha512-ETBauow1T35Y/WZMkio9jiM0Z5xjHHmJ4XmjZOq1l/dXz3lr2sRn87nJy20RupqSh1F2m3HHPSp8ShIPQJrJ3A==",
      "dependencies": [
        "iconv-lite"
      ]
    },
    "err-code@3.0.1": {
      "integrity": "sha512-GiaH0KJUewYok+eeY05IIgjtAe4Yltygk9Wqp1V5yVWLdhf0hYZchRjNIT9bb0mSwRcIusT3cx7PJUf3zEIfUA=="
    },
    "eventemitter3@5.0.4": {
      "integrity": "sha512-mlsTRyGaPBjPedk6Bvw+aqbsXDtoAyAzm5MO7JgU+yVRyMQ5O8bD4Kcci7BS85f93veegeCPkL8R4GLClnjLFw=="
    },
    "fast-fifo@1.3.2": {
      "integrity": "sha512-/d9sfos4yxzpwkDkuN7k2SqFKtYNmCTzgfEpz82x34IM9/zc8KGxQoXg1liNC/izpRM/MBdt44Nmx41ZWqk+FQ=="
    },
    "fast-glob@3.3.3": {
      "integrity": "sha512-7MptL8U0cqcFdzIzwOTHoilX9x5BrNqye7Z/LuC7kCMRio1EMSyqRK3BEAUD7sXRq4iT4AzTVuZdhgQ2TCvYLg==",
      "dependencies": [
        "@nodelib/fs.stat",
        "@nodelib/fs.walk",
        "glob-parent",
        "merge2",
        "micromatch"
      ]
    },
    "fastq@1.20.1": {
      "integrity": "sha512-GGToxJ/w1x32s/D2EKND7kTil4n8OVk/9mycTc4VDza13lOvpUZTGX3mFSCtV9ksdGBVzvsyAVLM6mHFThxXxw==",
      "dependencies": [
        "reusify"
      ]
    },
    "fill-range@7.1.1": {
      "integrity": "sha512-YsGpe3WHLK8ZYi4tWDg2Jy3ebRz2rXowDxnld4bkQB00cc/1Zw9AWnC0i9ztDJitivtQvaI9KaLyKrc+hBW0yg==",
      "dependencies": [
        "to-regex-range"
      ]
    },
    "get-iterator@1.0.2": {
      "integrity": "sha512-v+dm9bNVfOYsY1OrhaCrmyOcYoSeVvbt+hHZ0Au+T+p1y+0Uyj9aMaGIeUTT6xdpRbWzDeYKvfOslPhggQMcsg=="
    },
    "glob-parent@5.1.2": {
      "integrity": "sha512-AOIgSQCepiJYwP3ARnGx+5VnTu2HBYdzbGP45eLw1vr3zB3vZLeyed1sC9hnbcOc9/SrMyM5RPQrkGz4aS9Zow==",
      "dependencies": [
        "is-glob"
      ]
    },
    "hashlru@2.3.0": {
      "integrity": "sha512-0cMsjjIC8I+D3M44pOQdsy0OHXGLVz6Z0beRuufhKa0KfaD2wGwAev6jILzXsd3/vpnNQJmWyZtIILqM1N+n5A=="
    },
    "iconv-lite@0.6.3": {
      "integrity": "sha512-4fCk79wshMdzMp2rH06qWrJE4iolqLhCUH+OiuIgU++RB0+94NlDL81atO7GX55uUKueo0txHNtvEyI6D7WdMw==",
      "dependencies": [
        "safer-buffer"
      ]
    },
    "ieee754@1.2.1": {
      "integrity": "sha512-dcyqhDvX1C46lXZcVqCpK+FtMRQVdIMN6/Df5js2zouUsqG7I6sFxitIC+7KYK29KdXOLHdu9zL4sFnoVQnqaA=="
    },
    "inherits@2.0.4": {
      "integrity": "sha512-k/vGaX4/Yla3WzyMCvTQOXYeIHvqOKtnqBduzTHpzpQZzAskKMhZ2K+EnBiSM9zGSoIFeMpXKxa4dYeZIQqewQ=="
    },
    "interface-datastore@9.0.3": {
      "integrity": "sha512-NLZa7Mp+0qn48nSwIY/C36da4uVIKzwG2tuEIpaSJArsuB2RrdyDWwkoDUyjsJ+VrMntXz38VSk9vXTx/ZUpAw==",
      "dependencies": [
        "interface-store",
        "uint8arrays@5.1.1"
      ]
    },
    "interface-store@7.0.2": {
      "integrity": "sha512-KYOPcDH+1peaPhSeoZujR5nwkVeola1EdrnrlHTIM0HRNUs9B0aTsUQMH5kTmIjaQq1BOowoUyoCamgL8IMyww=="
    },
    "ipfs-unixfs@13.0.0": {
      "integrity": "sha512-5Q9fw95zKA0h/LxRVkQDfp+5lRaDD6i4fzXt70f38b0CRkrbhuj2eUXDjEohfBwBeWcB7UJPW5DzAmgoSNEb8A==",
      "dependencies": [
        "protons-runtime@7.0.0",
        "uint8arraylist@3.0.2"
      ]
    },
    "is-electron@2.2.2": {
      "integrity": "sha512-FO/Rhvz5tuw4MCWkpMzHFKWD2LsfHzIb7i6MdPYZ/KW7AlxawyLkqdy+jPZP1WubqEADE3O4FUENlJHDfQASRg=="
    },
    "is-extglob@2.1.1": {
      "integrity": "sha512-SbKbANkN603Vi4jEZv49LeVJMn4yGwsbzZworEoyEiutsN3nJYdbO36zfhGJ6QEDpOZIFkDtnq5JRxmvl3jsoQ=="
    },
    "is-glob@4.0.3": {
      "integrity": "sha512-xelSayHH36ZgE7ZWhli7pW34hNbNl8Ojv5KVmkJD4hBdD3th8Tfk9vYasLM+mXWOZhFkgZfxhLSnrwRr4elSSg==",
      "dependencies": [
        "is-extglob"
      ]
    },
    "is-number@7.0.0": {
      "integrity": "sha512-41Cifkg6e8TylSpdtTpeLVMqvSBEVzTttHvERD741+pnZ8ANv0004MRL43QKPDlK9cGvNp6NZWZUBlbGXYxxng=="
    },
    "is-plain-obj@2.1.0": {
      "integrity": "sha512-YWnfyRwxL/+SsrWYfOpUtz5b3YD+nyfkHvjbcanzk8zgyO4ASD67uVMRt8k5bM4lLMDnXfriRhOpemw+NfT1eA=="
    },
    "iso-url@1.2.1": {
      "integrity": "sha512-9JPDgCN4B7QPkLtYAAOrEuAWvP9rWvR5offAr0/SeF046wIkglqH3VXgYYP6NcsKslH80UIVgmPqNe3j7tG2ng=="
    },
    "it-all@3.0.11": {
      "integrity": "sha512-Gvqj6MO4GMLnFdtE68HZRpGBskNC+9+GQ+JevTGNYLyhjUuPhjDLU3jN1LpBemXJDW1bRSkczqA/qGyKlPKrcQ=="
    },
    "it-first@3.0.11": {
      "integrity": "sha512-0ig8DKpg09V1o7JBagm3oPx3VY7WYfU5w3lpbLbqzijnfMPSvMGoMZuLm17h/RgOJXKP+9mt7vsCNiU2TW8TkQ=="
    },
    "it-glob@3.0.6": {
      "integrity": "sha512-dFNeW4izM08QuB4uuIr+sVKUSo8ftVD/E1RnYidiUZx/i9h9mmwDSBl3kPv/TCah6HI0y1sgfHVCbrwA9FjoaQ==",
      "dependencies": [
        "fast-glob"
      ]
    },
    "it-last@3.0.11": {
      "integrity": "sha512-Fg571l81nPzhZsiYjkw4dkhRqAK4oqIamTPEfAOnXI/5pYXz+dIfMVYmh9ncZs58oFNMkdF3bYFuCBTw/xJK0w=="
    },
    "it-map@3.1.6": {
      "integrity": "sha512-wCix0FXImtIPIxhCnbz35RqWs00e/CReSZX9nZq1j46JcAzBBp57ob9/2l1WnDYEaUURIR8xCyg2NsWbOwBJFQ==",
      "dependencies": [
        "it-peekable"
      ]
    },
    "it-peekable@3.0.10": {
      "integrity": "sha512-2E6+p1pelZOhzp69aaiiBuEybWzAl10uYbIdCR3Pxy8bFNnS/kgpbLtGbNbIZ6RVdU7yHHkmATYwjy52GfFEKA=="
    },
    "it-stream-types@2.0.4": {
      "integrity": "sha512-tsX+klvMQ53J4Jm2B52vCIs7WD609ck+VS9X2TKMEv7VPY9VwaYKmSWyHek5QS0wHBtP0bWj9KMqCtAHgVKiXw=="
    },
    "it-to-stream@1.0.0": {
      "integrity": "sha512-pLULMZMAB/+vbdvbZtebC0nWBTbG581lk6w8P7DfIIIKUfa8FbY7Oi0FxZcFPbxvISs7A9E+cMpLDBc1XhpAOA==",
      "dependencies": [
        "buffer",
        "fast-fifo",
        "get-iterator",
        "p-defer",
        "p-fifo",
        "readable-stream"
      ]
    },
    "kubo-rpc-client@7.0.0": {
      "integrity": "sha512-97dcOgBFj8J0fMlqMkj7kQGYdWn4N+YYHhC3WaPp3j4Gc1CQfbmrgzRf3tQ/0pwOnA23i5WtW8x1bKYzToa8VA==",
      "dependencies": [
        "@ipld/dag-cbor@10.0.1",
        "@ipld/dag-json",
        "@ipld/dag-pb",
        "@libp2p/crypto",
        "@libp2p/interface",
        "@libp2p/logger",
        "@libp2p/peer-id",
        "@multiformats/multiaddr",
        "@multiformats/multiaddr-to-uri",
        "any-signal",
        "blob-to-it",
        "browser-readablestream-to-it",
        "dag-jose",
        "electron-fetch",
        "err-code",
        "ipfs-unixfs",
        "iso-url",
        "it-all",
        "it-first",
        "it-glob",
        "it-last",
        "it-map",
        "it-peekable",
        "it-to-stream",
        "merge-options",
        "multiformats@14.0.0",
        "nanoid",
        "parse-duration",
        "stream-to-it",
        "uint8arrays@6.1.1",
        "wherearewe"
      ]
    },
    "main-event@1.0.4": {
      "integrity": "sha512-sKazUjIy2Jalv5lkQ446iOcrx8Q7TkaCuk6xfnzg5uUqMusMLDMPmRDmSNE2kjSVpSTJo4j1bQZusS+Ib7Bvrg=="
    },
    "merge-options@3.0.4": {
      "integrity": "sha512-2Sug1+knBjkaMsMgf1ctR1Ujx+Ayku4EdJN4Z+C2+JzoeF7A3OZ9KM2GY0CpQS51NR61LTurMJrRKPhSs3ZRTQ==",
      "dependencies": [
        "is-plain-obj"
      ]
    },
    "merge2@1.4.1": {
      "integrity": "sha512-8q7VEgMJW4J8tcfVPy8g09NcQwZdbwFEqhe/WZkoIzjn/3TGDwtOCYtXGxA3O8tPzpczCCDgv+P2P5y00ZJOOg=="
    },
    "micromatch@4.0.8": {
      "integrity": "sha512-PXwfBhYu0hBCPw8Dn0E+WDYb7af3dSLVWKi3HGv84IdF4TyFoC0ysxFd0Goxw7nSv4T/PzEJQxsYsEiFCKo2BA==",
      "dependencies": [
        "braces",
        "picomatch"
      ]
    },
    "ms@3.0.0-canary.202508261828": {
      "integrity": "sha512-NotsCoUCIUkojWCzQff4ttdCfIPoA1UGZsyQbi7KmqkNRfKCrvga8JJi2PknHymHOuor0cJSn/ylj52Cbt2IrQ=="
    },
    "multiformats@13.1.3": {
      "integrity": "sha512-CZPi9lFZCM/+7oRolWYsvalsyWQGFo+GpdaTmjxXXomC+nP/W1Rnxb9sUgjvmNmRZ5bOPqRAl4nuK+Ydw/4tGw=="
    },
    "multiformats@13.4.2": {
      "integrity": "sha512-eh6eHCrRi1+POZ3dA+Dq1C6jhP1GNtr9CRINMb67OKzqW9I5DUuZM/3jLPlzhgpGeiNUlEGEbkCYChXMCc/8DQ=="
    },
    "multiformats@14.0.0": {
      "integrity": "sha512-iWK1RrAS58p2NDfeZFuSUSv3ZPewTIhsGbh/5NgeGGJwJmRljLxGtjRR3nkn+loG3zl+IrfR/W1590QnrSK+Gg=="
    },
    "nanoid@5.1.11": {
      "integrity": "sha512-v+KEsUv2ps74PaSKv0gHTxTCgMXOIfBEbaqa6w6ISIGC7ZsvHN4N9oJ8d4cmf0n5oTzQz2SLmThbQWhjd/8eKg==",
      "bin": true
    },
    "p-defer@3.0.0": {
      "integrity": "sha512-ugZxsxmtTln604yeYd29EGrNhazN2lywetzpKhfmQjW/VJmhpDmWbiX+h0zL8V91R0UXkhb3KtPmyq9PZw3aYw=="
    },
    "p-fifo@1.0.0": {
      "integrity": "sha512-IjoCxXW48tqdtDFz6fqo5q1UfFVjjVZe8TC1QRflvNUJtNfCUhxOUw6MOVZhDPjqhSzc26xKdugsO17gmzd5+A==",
      "dependencies": [
        "fast-fifo",
        "p-defer"
      ]
    },
    "p-queue@9.3.0": {
      "integrity": "sha512-7NED7xhQ74Ngp4JP/2e0VZHp7vSWfJfqeiR92jPgxsz6m0Se4P03YoTKa9dDXyZ3r6P616gUXttrB6nnHYKang==",
      "dependencies": [
        "eventemitter3",
        "p-timeout"
      ]
    },
    "p-timeout@7.0.1": {
      "integrity": "sha512-AxTM2wDGORHGEkPCt8yqxOTMgpfbEHqF51f/5fJCmwFC3C/zNcGT63SymH2ttOAaiIws2zVg4+izQCjrakcwHg=="
    },
    "parse-duration@2.1.6": {
      "integrity": "sha512-1/A2Exg3NcJGcYdgV/dn4frR7vO2hOW/ohQ4KIgbT4W3raVcpYSszPWiL6I6cKufi4jQM5NbGRXLBj8AoLM4iQ=="
    },
    "path-to-regexp@6.3.0": {
      "integrity": "sha512-Yhpw4T9C6hPpgPeA28us07OJeqZ5EzQTkbfwuhsUg0c237RomFoETJgmp2sa3F/41gfLE6G5cqcYwznmeEeOlQ=="
    },
    "picomatch@2.3.2": {
      "integrity": "sha512-V7+vQEJ06Z+c5tSye8S+nHUfI51xoXIXjHQ99cQtKUkQqqO1kO/KCJUfZXuB47h/YBlDhah2H3hdUGXn8ie0oA=="
    },
    "progress-events@1.1.0": {
      "integrity": "sha512-82DVc5tI36neVB3IjdXR11ztwGuoBc98em9ijzubeZKxI47OlV2Znq6mlPqE5xPDzO2Uw98GHiQSjj2favBCRQ=="
    },
    "protons-runtime@6.0.2": {
      "integrity": "sha512-hiyjyANwGcgmzc+tXc1/ZcSZhKnl5MDjaVNWkISHBgadaU0sjTgKIKZMZ62d9J9zlSTyKHCs/osPkQ/3Z+7yeA==",
      "dependencies": [
        "uint8-varint@2.0.5",
        "uint8arraylist@2.4.9",
        "uint8arrays@5.1.1"
      ]
    },
    "protons-runtime@7.0.0": {
      "integrity": "sha512-r/e72006xoVND4Uvf1aIs4OQOkJaASBU3ip4DzOWAktoKAkTiOYqKoS3TYMBm8HnnYU8+h0uEzr5gIRwk/pmTg==",
      "dependencies": [
        "uint8-varint@3.0.0",
        "uint8arraylist@3.0.2",
        "uint8arrays@6.1.1"
      ]
    },
    "queue-microtask@1.2.3": {
      "integrity": "sha512-NuaNSa6flKT5JaSYQzJok04JzTL1CA6aGhv5rfLW3PgqA+M2ChpZQnAC8h8i4ZFkBS8X5RqkDBHA7r4hej3K9A=="
    },
    "readable-stream@3.6.2": {
      "integrity": "sha512-9u/sniCrY3D5WdsERHzHE4G2YCXqoG5FTHUiCC4SIbr6XcLZBY05ya9EKjYek9O5xOAwjGq+1JdGBAS7Q9ScoA==",
      "dependencies": [
        "inherits",
        "string_decoder",
        "util-deprecate"
      ]
    },
    "reusify@1.1.0": {
      "integrity": "sha512-g6QUff04oZpHs0eG5p83rFLhHeV00ug/Yf9nZM6fLeUrPguBTkTQOdpAWWspMh55TZfVQDPaN3NQJfbVRAxdIw=="
    },
    "run-parallel@1.2.0": {
      "integrity": "sha512-5l4VyZR86LZ/lDxZTR6jqL8AFE2S0IFLMP26AbjsLVADxHdhB/c0GUsH+y39UfCi3dzz8OlQuPmnaJOMoDHQBA==",
      "dependencies": [
        "queue-microtask"
      ]
    },
    "safe-buffer@5.2.1": {
      "integrity": "sha512-rp3So07KcdmmKbGvgaNxQSJr7bGVSVk5S9Eq1F+ppbRo70+YeaDxkw5Dd8NPN+GD6bjnYm2VuPuCXmpuYvmCXQ=="
    },
    "safer-buffer@2.1.2": {
      "integrity": "sha512-YZo3K82SD7Riyi0E1EQPojLz7kpepnSQI9IyPbHHg1XXXevb5dJI7tpyN2ADxGcQbHG7vcyRHk0cbwqcQriUtg=="
    },
    "stream-to-it@1.0.1": {
      "integrity": "sha512-AqHYAYPHcmvMrcLNgncE/q0Aj/ajP6A4qGhxP6EVn7K3YTNs0bJpJyk57wc2Heb7MUL64jurvmnmui8D9kjZgA==",
      "dependencies": [
        "it-stream-types"
      ]
    },
    "string_decoder@1.3.0": {
      "integrity": "sha512-hkRX8U1WjJFd8LsDJ2yQ/wWWxaopEsABU1XfkM8A+j0+85JAGppt16cr1Whg6KIbb4okU6Mql6BOj+uup/wKeA==",
      "dependencies": [
        "safe-buffer"
      ]
    },
    "supports-color@10.2.2": {
      "integrity": "sha512-SS+jx45GF1QjgEXQx4NJZV9ImqmO2NPz5FNsIHrsDjh2YsHnawpan7SNQ1o8NuhrbHZy9AZhIoCUiCeaW/C80g=="
    },
    "to-regex-range@5.0.1": {
      "integrity": "sha512-65P7iz6X5yEr1cwcgvQxbbIw7Uk3gOy5dIdtZ4rDveLqhrdJP+Li/Hx6tyK0NEb+2GCyneCMJiGqrADCSNk8sQ==",
      "dependencies": [
        "is-number"
      ]
    },
    "uint8-varint@2.0.5": {
      "integrity": "sha512-jeFLbL/x30wBRnWjKE1qVBXeumG46r7XmYkpis955lTQ+blccGKFrOsSMHlxePwYB1pI7L8YPHz1t4jLxEs3nA==",
      "dependencies": [
        "uint8arraylist@2.4.9",
        "uint8arrays@5.1.1"
      ]
    },
    "uint8-varint@3.0.0": {
      "integrity": "sha512-S4DdpXBaLwKcFo7f0bWzWfHjbZ/i3QhM842qn+ZvHjxqFCfUcEB9SQNcmI69S+zMlcmIcKxsk9Iyw77S2Kxv6Q==",
      "dependencies": [
        "uint8arraylist@3.0.2",
        "uint8arrays@6.1.1"
      ]
    },
    "uint8arraylist@2.4.9": {
      "integrity": "sha512-KxWjyEFzchzik3aoQlK66oaoxIReoMo5bQRm1fcjBUZvE8xv/tyR3CTKhjh6K/faV8VaF6hd5pjr45CzbwuwkA==",
      "dependencies": [
        "uint8arrays@5.1.1"
      ]
    },
    "uint8arraylist@3.0.2": {
      "integrity": "sha512-LDVoq9BQaGJzGDUovEnoX6rpKCvnY/Jbtws4ikwnBzjRbq5qBAFpBZevUEbSmMM87aO0Sp+wOZy2ZXf5yODmXQ==",
      "dependencies": [
        "uint8arrays@6.1.1"
      ]
    },
    "uint8arrays@5.1.1": {
      "integrity": "sha512-9muQwa4wZG4dKi9gMAIBtnk2Pw87SRpvWTH6lOGm19V2Uqxr4uomUf2PGqPnWc+qs06sN8owUU4jfcoWOcfwVQ==",
      "dependencies": [
        "multiformats@13.4.2"
      ]
    },
    "uint8arrays@6.1.1": {
      "integrity": "sha512-iz7JN0XCSZYA111lhFG2Ui9EhFvTNekqSRHw3lvMHq+dzwWy1OQftxFQREEh4rffU0oSoXdQHsk2TiHKVm4fsA==",
      "dependencies": [
        "multiformats@14.0.0"
      ]
    },
    "utf8-codec@1.0.0": {
      "integrity": "sha512-S/QSLezp3qvG4ld5PUfXiH7mCFxLKjSVZRFkB3DOjgwHuJPFDkInAXc/anf7BAbHt/D38ozDzL+QMZ6/7gsI6w=="
    },
    "util-deprecate@1.0.2": {
      "integrity": "sha512-EPD5q1uXyFxJpCrLnCc1nHnq3gOa6DZBocAIiI2TaSCA7VCJ1UJDMagCzIkXNsUYfD1daK//LTEQ8xiIbrHtcw=="
    },
    "weald@1.1.1": {
      "integrity": "sha512-PaEQShzMCz8J/AD2N3dJMc1hTZWkJeLKS2NMeiVkV5KDHwgZe7qXLEzyodsT/SODxWDdXJJqocuwf3kHzcXhSQ==",
      "dependencies": [
        "ms",
        "supports-color"
      ]
    },
    "wherearewe@2.0.1": {
      "integrity": "sha512-XUguZbDxCA2wBn2LoFtcEhXL6AXo+hVjGonwhSTTTU9SzbWG8Xu3onNIpzf9j/mYUcJQ0f+m37SzG77G851uFw==",
      "dependencies": [
        "is-electron"
      ]
    }
  },
  "workspace": {
    "dependencies": [
      "jsr:@cliffy/command@^1.1.0",
      "jsr:@oak/oak@^17.2.0",
      "jsr:@std/path@^1.1.4",
      "npm:kubo-rpc-client@7"
    ]
  }
}
